// !$*UTF8*$!
{
	archiveVersion = 1;
	classes = {
	};
	objectVersion = 46;
	objects = {

/* Begin PBXBuildFile section */
		3D0A9DD219108F7C0091D7B8 /* Foundation.framework in Frameworks */ = {isa = PBXBuildFile; fileRef = 3D0A9DD119108F7C0091D7B8 /* Foundation.framework */; };
		3D0A9DD419108F7C0091D7B8 /* CoreGraphics.framework in Frameworks */ = {isa = PBXBuildFile; fileRef = 3D0A9DD319108F7C0091D7B8 /* CoreGraphics.framework */; };
		3D0A9DD619108F7C0091D7B8 /* UIKit.framework in Frameworks */ = {isa = PBXBuildFile; fileRef = 3D0A9DD519108F7C0091D7B8 /* UIKit.framework */; };
		3D0A9DD819108F7C0091D7B8 /* CoreData.framework in Frameworks */ = {isa = PBXBuildFile; fileRef = 3D0A9DD719108F7C0091D7B8 /* CoreData.framework */; };
		3D0A9DDE19108F7C0091D7B8 /* InfoPlist.strings in Resources */ = {isa = PBXBuildFile; fileRef = 3D0A9DDC19108F7C0091D7B8 /* InfoPlist.strings */; };
		3D0A9DE019108F7C0091D7B8 /* main.m in Sources */ = {isa = PBXBuildFile; fileRef = 3D0A9DDF19108F7C0091D7B8 /* main.m */; };
		3D0A9DE419108F7C0091D7B8 /* CTAppDelegate.m in Sources */ = {isa = PBXBuildFile; fileRef = 3D0A9DE319108F7C0091D7B8 /* CTAppDelegate.m */; };
		3D0A9DE719108F7C0091D7B8 /* CarlTour.xcdatamodeld in Sources */ = {isa = PBXBuildFile; fileRef = 3D0A9DE519108F7C0091D7B8 /* CarlTour.xcdatamodeld */; };
		3D0A9DE919108F7C0091D7B8 /* Images.xcassets in Resources */ = {isa = PBXBuildFile; fileRef = 3D0A9DE819108F7C0091D7B8 /* Images.xcassets */; };
		3D0A9DF019108F7C0091D7B8 /* XCTest.framework in Frameworks */ = {isa = PBXBuildFile; fileRef = 3D0A9DEF19108F7C0091D7B8 /* XCTest.framework */; };
		3D0A9DF119108F7C0091D7B8 /* Foundation.framework in Frameworks */ = {isa = PBXBuildFile; fileRef = 3D0A9DD119108F7C0091D7B8 /* Foundation.framework */; };
		3D0A9DF219108F7C0091D7B8 /* UIKit.framework in Frameworks */ = {isa = PBXBuildFile; fileRef = 3D0A9DD519108F7C0091D7B8 /* UIKit.framework */; };
		3D0A9DF319108F7C0091D7B8 /* CoreData.framework in Frameworks */ = {isa = PBXBuildFile; fileRef = 3D0A9DD719108F7C0091D7B8 /* CoreData.framework */; };
		3D0A9DFB19108F7C0091D7B8 /* InfoPlist.strings in Resources */ = {isa = PBXBuildFile; fileRef = 3D0A9DF919108F7C0091D7B8 /* InfoPlist.strings */; };
		3D0A9DFD19108F7C0091D7B8 /* CarlTourTests.m in Sources */ = {isa = PBXBuildFile; fileRef = 3D0A9DFC19108F7C0091D7B8 /* CarlTourTests.m */; };
		3DE04F3C1911FEDA0031C2AA /* Main.storyboard in Resources */ = {isa = PBXBuildFile; fileRef = 3DE04F3B1911FEDA0031C2AA /* Main.storyboard */; };
		3DE04F3E19120E5B0031C2AA /* MapKit.framework in Frameworks */ = {isa = PBXBuildFile; fileRef = 3DE04F3D19120E5B0031C2AA /* MapKit.framework */; };
		805E54BF19170F1300748CDC /* CTBuilding.m in Sources */ = {isa = PBXBuildFile; fileRef = 805E54BE19170F1300748CDC /* CTBuilding.m */; };
		805E54C219170F3000748CDC /* CTEvent.m in Sources */ = {isa = PBXBuildFile; fileRef = 805E54C119170F3000748CDC /* CTEvent.m */; };
		805E54C5191712A900748CDC /* CTRoomLocation.m in Sources */ = {isa = PBXBuildFile; fileRef = 805E54C4191712A900748CDC /* CTRoomLocation.m */; };
		805E54CD191713F000748CDC /* CTMapViewController.m in Sources */ = {isa = PBXBuildFile; fileRef = 805E54CC191713F000748CDC /* CTMapViewController.m */; };
		805E54D01917165600748CDC /* CTResourceManager.m in Sources */ = {isa = PBXBuildFile; fileRef = 805E54CF1917165600748CDC /* CTResourceManager.m */; };
/* End PBXBuildFile section */

/* Begin PBXContainerItemProxy section */
		3D0A9DF419108F7C0091D7B8 /* PBXContainerItemProxy */ = {
			isa = PBXContainerItemProxy;
			containerPortal = 3D0A9DC619108F7C0091D7B8 /* Project object */;
			proxyType = 1;
			remoteGlobalIDString = 3D0A9DCD19108F7C0091D7B8;
			remoteInfo = CarlTour;
		};
/* End PBXContainerItemProxy section */

/* Begin PBXFileReference section */
		3D0A9DCE19108F7C0091D7B8 /* CarlTour.app */ = {isa = PBXFileReference; explicitFileType = wrapper.application; includeInIndex = 0; path = CarlTour.app; sourceTree = BUILT_PRODUCTS_DIR; };
		3D0A9DD119108F7C0091D7B8 /* Foundation.framework */ = {isa = PBXFileReference; lastKnownFileType = wrapper.framework; name = Foundation.framework; path = System/Library/Frameworks/Foundation.framework; sourceTree = SDKROOT; };
		3D0A9DD319108F7C0091D7B8 /* CoreGraphics.framework */ = {isa = PBXFileReference; lastKnownFileType = wrapper.framework; name = CoreGraphics.framework; path = System/Library/Frameworks/CoreGraphics.framework; sourceTree = SDKROOT; };
		3D0A9DD519108F7C0091D7B8 /* UIKit.framework */ = {isa = PBXFileReference; lastKnownFileType = wrapper.framework; name = UIKit.framework; path = System/Library/Frameworks/UIKit.framework; sourceTree = SDKROOT; };
		3D0A9DD719108F7C0091D7B8 /* CoreData.framework */ = {isa = PBXFileReference; lastKnownFileType = wrapper.framework; name = CoreData.framework; path = System/Library/Frameworks/CoreData.framework; sourceTree = SDKROOT; };
		3D0A9DDB19108F7C0091D7B8 /* CarlTour-Info.plist */ = {isa = PBXFileReference; lastKnownFileType = text.plist.xml; path = "CarlTour-Info.plist"; sourceTree = "<group>"; };
		3D0A9DDD19108F7C0091D7B8 /* en */ = {isa = PBXFileReference; lastKnownFileType = text.plist.strings; name = en; path = en.lproj/InfoPlist.strings; sourceTree = "<group>"; };
		3D0A9DDF19108F7C0091D7B8 /* main.m */ = {isa = PBXFileReference; lastKnownFileType = sourcecode.c.objc; path = main.m; sourceTree = "<group>"; };
		3D0A9DE119108F7C0091D7B8 /* CarlTour-Prefix.pch */ = {isa = PBXFileReference; lastKnownFileType = sourcecode.c.h; path = "CarlTour-Prefix.pch"; sourceTree = "<group>"; };
		3D0A9DE219108F7C0091D7B8 /* CTAppDelegate.h */ = {isa = PBXFileReference; lastKnownFileType = sourcecode.c.h; path = CTAppDelegate.h; sourceTree = "<group>"; };
		3D0A9DE319108F7C0091D7B8 /* CTAppDelegate.m */ = {isa = PBXFileReference; lastKnownFileType = sourcecode.c.objc; path = CTAppDelegate.m; sourceTree = "<group>"; };
		3D0A9DE619108F7C0091D7B8 /* CarlTour.xcdatamodel */ = {isa = PBXFileReference; lastKnownFileType = wrapper.xcdatamodel; path = CarlTour.xcdatamodel; sourceTree = "<group>"; };
		3D0A9DE819108F7C0091D7B8 /* Images.xcassets */ = {isa = PBXFileReference; lastKnownFileType = folder.assetcatalog; path = Images.xcassets; sourceTree = "<group>"; };
		3D0A9DEE19108F7C0091D7B8 /* CarlTourTests.xctest */ = {isa = PBXFileReference; explicitFileType = wrapper.cfbundle; includeInIndex = 0; path = CarlTourTests.xctest; sourceTree = BUILT_PRODUCTS_DIR; };
		3D0A9DEF19108F7C0091D7B8 /* XCTest.framework */ = {isa = PBXFileReference; lastKnownFileType = wrapper.framework; name = XCTest.framework; path = Library/Frameworks/XCTest.framework; sourceTree = DEVELOPER_DIR; };
		3D0A9DF819108F7C0091D7B8 /* CarlTourTests-Info.plist */ = {isa = PBXFileReference; lastKnownFileType = text.plist.xml; path = "CarlTourTests-Info.plist"; sourceTree = "<group>"; };
		3D0A9DFA19108F7C0091D7B8 /* en */ = {isa = PBXFileReference; lastKnownFileType = text.plist.strings; name = en; path = en.lproj/InfoPlist.strings; sourceTree = "<group>"; };
		3D0A9DFC19108F7C0091D7B8 /* CarlTourTests.m */ = {isa = PBXFileReference; lastKnownFileType = sourcecode.c.objc; path = CarlTourTests.m; sourceTree = "<group>"; };
		3DE04F3B1911FEDA0031C2AA /* Main.storyboard */ = {isa = PBXFileReference; fileEncoding = 4; lastKnownFileType = file.storyboard; path = Main.storyboard; sourceTree = "<group>"; };
		3DE04F3D19120E5B0031C2AA /* MapKit.framework */ = {isa = PBXFileReference; lastKnownFileType = wrapper.framework; name = MapKit.framework; path = System/Library/Frameworks/MapKit.framework; sourceTree = SDKROOT; };
		805E54BD19170F1300748CDC /* CTBuilding.h */ = {isa = PBXFileReference; fileEncoding = 4; lastKnownFileType = sourcecode.c.h; path = CTBuilding.h; sourceTree = "<group>"; };
		805E54BE19170F1300748CDC /* CTBuilding.m */ = {isa = PBXFileReference; fileEncoding = 4; lastKnownFileType = sourcecode.c.objc; path = CTBuilding.m; sourceTree = "<group>"; };
		805E54C019170F3000748CDC /* CTEvent.h */ = {isa = PBXFileReference; fileEncoding = 4; lastKnownFileType = sourcecode.c.h; path = CTEvent.h; sourceTree = "<group>"; };
		805E54C119170F3000748CDC /* CTEvent.m */ = {isa = PBXFileReference; fileEncoding = 4; lastKnownFileType = sourcecode.c.objc; path = CTEvent.m; sourceTree = "<group>"; };
		805E54C3191712A900748CDC /* CTRoomLocation.h */ = {isa = PBXFileReference; fileEncoding = 4; lastKnownFileType = sourcecode.c.h; path = CTRoomLocation.h; sourceTree = "<group>"; };
		805E54C4191712A900748CDC /* CTRoomLocation.m */ = {isa = PBXFileReference; fileEncoding = 4; lastKnownFileType = sourcecode.c.objc; path = CTRoomLocation.m; sourceTree = "<group>"; };
		805E54CB191713F000748CDC /* CTMapViewController.h */ = {isa = PBXFileReference; fileEncoding = 4; lastKnownFileType = sourcecode.c.h; path = CTMapViewController.h; sourceTree = "<group>"; };
		805E54CC191713F000748CDC /* CTMapViewController.m */ = {isa = PBXFileReference; fileEncoding = 4; lastKnownFileType = sourcecode.c.objc; path = CTMapViewController.m; sourceTree = "<group>"; };
		805E54CE1917165600748CDC /* CTResourceManager.h */ = {isa = PBXFileReference; fileEncoding = 4; lastKnownFileType = sourcecode.c.h; path = CTResourceManager.h; sourceTree = "<group>"; };
		805E54CF1917165600748CDC /* CTResourceManager.m */ = {isa = PBXFileReference; fileEncoding = 4; lastKnownFileType = sourcecode.c.objc; path = CTResourceManager.m; sourceTree = "<group>"; };
/* End PBXFileReference section */

/* Begin PBXFrameworksBuildPhase section */
		3D0A9DCB19108F7C0091D7B8 /* Frameworks */ = {
			isa = PBXFrameworksBuildPhase;
			buildActionMask = 2147483647;
			files = (
				3DE04F3E19120E5B0031C2AA /* MapKit.framework in Frameworks */,
				3D0A9DD419108F7C0091D7B8 /* CoreGraphics.framework in Frameworks */,
				3D0A9DD819108F7C0091D7B8 /* CoreData.framework in Frameworks */,
				3D0A9DD619108F7C0091D7B8 /* UIKit.framework in Frameworks */,
				3D0A9DD219108F7C0091D7B8 /* Foundation.framework in Frameworks */,
			);
			runOnlyForDeploymentPostprocessing = 0;
		};
		3D0A9DEB19108F7C0091D7B8 /* Frameworks */ = {
			isa = PBXFrameworksBuildPhase;
			buildActionMask = 2147483647;
			files = (
				3D0A9DF019108F7C0091D7B8 /* XCTest.framework in Frameworks */,
				3D0A9DF319108F7C0091D7B8 /* CoreData.framework in Frameworks */,
				3D0A9DF219108F7C0091D7B8 /* UIKit.framework in Frameworks */,
				3D0A9DF119108F7C0091D7B8 /* Foundation.framework in Frameworks */,
			);
			runOnlyForDeploymentPostprocessing = 0;
		};
/* End PBXFrameworksBuildPhase section */

/* Begin PBXGroup section */
		3D0A9DC519108F7C0091D7B8 = {
			isa = PBXGroup;
			children = (
				3D0A9DD919108F7C0091D7B8 /* CarlTour */,
				3D0A9DF619108F7C0091D7B8 /* CarlTourTests */,
				3D0A9DD019108F7C0091D7B8 /* Frameworks */,
				3D0A9DCF19108F7C0091D7B8 /* Products */,
			);
			sourceTree = "<group>";
		};
		3D0A9DCF19108F7C0091D7B8 /* Products */ = {
			isa = PBXGroup;
			children = (
				3D0A9DCE19108F7C0091D7B8 /* CarlTour.app */,
				3D0A9DEE19108F7C0091D7B8 /* CarlTourTests.xctest */,
			);
			name = Products;
			sourceTree = "<group>";
		};
		3D0A9DD019108F7C0091D7B8 /* Frameworks */ = {
			isa = PBXGroup;
			children = (
				3DE04F3D19120E5B0031C2AA /* MapKit.framework */,
				3D0A9DD119108F7C0091D7B8 /* Foundation.framework */,
				3D0A9DD319108F7C0091D7B8 /* CoreGraphics.framework */,
				3D0A9DD519108F7C0091D7B8 /* UIKit.framework */,
				3D0A9DD719108F7C0091D7B8 /* CoreData.framework */,
				3D0A9DEF19108F7C0091D7B8 /* XCTest.framework */,
			);
			name = Frameworks;
			sourceTree = "<group>";
		};
		3D0A9DD919108F7C0091D7B8 /* CarlTour */ = {
			isa = PBXGroup;
			children = (
				3D0A9DE219108F7C0091D7B8 /* CTAppDelegate.h */,
				3D0A9DE319108F7C0091D7B8 /* CTAppDelegate.m */,
				3D0A9DE819108F7C0091D7B8 /* Images.xcassets */,
				3D0A9DE519108F7C0091D7B8 /* CarlTour.xcdatamodeld */,
				3D0A9DDA19108F7C0091D7B8 /* Supporting Files */,
				3DE04F3B1911FEDA0031C2AA /* Main.storyboard */,
				805E54BD19170F1300748CDC /* CTBuilding.h */,
				805E54BE19170F1300748CDC /* CTBuilding.m */,
				805E54C019170F3000748CDC /* CTEvent.h */,
				805E54C119170F3000748CDC /* CTEvent.m */,
				805E54C3191712A900748CDC /* CTRoomLocation.h */,
				805E54C4191712A900748CDC /* CTRoomLocation.m */,
				805E54CB191713F000748CDC /* CTMapViewController.h */,
				805E54CC191713F000748CDC /* CTMapViewController.m */,
				805E54CE1917165600748CDC /* CTResourceManager.h */,
				805E54CF1917165600748CDC /* CTResourceManager.m */,
			);
			path = CarlTour;
			sourceTree = "<group>";
		};
		3D0A9DDA19108F7C0091D7B8 /* Supporting Files */ = {
			isa = PBXGroup;
			children = (
				3D0A9DDB19108F7C0091D7B8 /* CarlTour-Info.plist */,
				3D0A9DDC19108F7C0091D7B8 /* InfoPlist.strings */,
				3D0A9DDF19108F7C0091D7B8 /* main.m */,
				3D0A9DE119108F7C0091D7B8 /* CarlTour-Prefix.pch */,
			);
			name = "Supporting Files";
			sourceTree = "<group>";
		};
		3D0A9DF619108F7C0091D7B8 /* CarlTourTests */ = {
			isa = PBXGroup;
			children = (
				3D0A9DFC19108F7C0091D7B8 /* CarlTourTests.m */,
				3D0A9DF719108F7C0091D7B8 /* Supporting Files */,
			);
			path = CarlTourTests;
			sourceTree = "<group>";
		};
		3D0A9DF719108F7C0091D7B8 /* Supporting Files */ = {
			isa = PBXGroup;
			children = (
				3D0A9DF819108F7C0091D7B8 /* CarlTourTests-Info.plist */,
				3D0A9DF919108F7C0091D7B8 /* InfoPlist.strings */,
			);
			name = "Supporting Files";
			sourceTree = "<group>";
		};
/* End PBXGroup section */

/* Begin PBXNativeTarget section */
		3D0A9DCD19108F7C0091D7B8 /* CarlTour */ = {
			isa = PBXNativeTarget;
			buildConfigurationList = 3D0A9E0019108F7C0091D7B8 /* Build configuration list for PBXNativeTarget "CarlTour" */;
			buildPhases = (
				3D0A9DCA19108F7C0091D7B8 /* Sources */,
				3D0A9DCB19108F7C0091D7B8 /* Frameworks */,
				3D0A9DCC19108F7C0091D7B8 /* Resources */,
			);
			buildRules = (
			);
			dependencies = (
			);
			name = CarlTour;
			productName = CarlTour;
			productReference = 3D0A9DCE19108F7C0091D7B8 /* CarlTour.app */;
			productType = "com.apple.product-type.application";
		};
		3D0A9DED19108F7C0091D7B8 /* CarlTourTests */ = {
			isa = PBXNativeTarget;
			buildConfigurationList = 3D0A9E0319108F7C0091D7B8 /* Build configuration list for PBXNativeTarget "CarlTourTests" */;
			buildPhases = (
				3D0A9DEA19108F7C0091D7B8 /* Sources */,
				3D0A9DEB19108F7C0091D7B8 /* Frameworks */,
				3D0A9DEC19108F7C0091D7B8 /* Resources */,
			);
			buildRules = (
			);
			dependencies = (
				3D0A9DF519108F7C0091D7B8 /* PBXTargetDependency */,
			);
			name = CarlTourTests;
			productName = CarlTourTests;
			productReference = 3D0A9DEE19108F7C0091D7B8 /* CarlTourTests.xctest */;
			productType = "com.apple.product-type.bundle.unit-test";
		};
/* End PBXNativeTarget section */

/* Begin PBXProject section */
		3D0A9DC619108F7C0091D7B8 /* Project object */ = {
			isa = PBXProject;
			attributes = {
				CLASSPREFIX = CT;
				LastUpgradeCheck = 0510;
				ORGANIZATIONNAME = CarlTour;
				TargetAttributes = {
					3D0A9DCD19108F7C0091D7B8 = {
						DevelopmentTeam = 3YCVS5227N;
					};
					3D0A9DED19108F7C0091D7B8 = {
						TestTargetID = 3D0A9DCD19108F7C0091D7B8;
					};
				};
			};
			buildConfigurationList = 3D0A9DC919108F7C0091D7B8 /* Build configuration list for PBXProject "CarlTour" */;
			compatibilityVersion = "Xcode 3.2";
			developmentRegion = English;
			hasScannedForEncodings = 0;
			knownRegions = (
				en,
			);
			mainGroup = 3D0A9DC519108F7C0091D7B8;
			productRefGroup = 3D0A9DCF19108F7C0091D7B8 /* Products */;
			projectDirPath = "";
			projectRoot = "";
			targets = (
				3D0A9DCD19108F7C0091D7B8 /* CarlTour */,
				3D0A9DED19108F7C0091D7B8 /* CarlTourTests */,
			);
		};
/* End PBXProject section */

/* Begin PBXResourcesBuildPhase section */
		3D0A9DCC19108F7C0091D7B8 /* Resources */ = {
			isa = PBXResourcesBuildPhase;
			buildActionMask = 2147483647;
			files = (
				3DE04F3C1911FEDA0031C2AA /* Main.storyboard in Resources */,
				3D0A9DDE19108F7C0091D7B8 /* InfoPlist.strings in Resources */,
				3D0A9DE919108F7C0091D7B8 /* Images.xcassets in Resources */,
			);
			runOnlyForDeploymentPostprocessing = 0;
		};
		3D0A9DEC19108F7C0091D7B8 /* Resources */ = {
			isa = PBXResourcesBuildPhase;
			buildActionMask = 2147483647;
			files = (
				3D0A9DFB19108F7C0091D7B8 /* InfoPlist.strings in Resources */,
			);
			runOnlyForDeploymentPostprocessing = 0;
		};
/* End PBXResourcesBuildPhase section */

/* Begin PBXSourcesBuildPhase section */
		3D0A9DCA19108F7C0091D7B8 /* Sources */ = {
			isa = PBXSourcesBuildPhase;
			buildActionMask = 2147483647;
			files = (
				805E54D01917165600748CDC /* CTResourceManager.m in Sources */,
				805E54BF19170F1300748CDC /* CTBuilding.m in Sources */,
				3D0A9DE019108F7C0091D7B8 /* main.m in Sources */,
				805E54C5191712A900748CDC /* CTRoomLocation.m in Sources */,
				3D0A9DE419108F7C0091D7B8 /* CTAppDelegate.m in Sources */,
				3D0A9DE719108F7C0091D7B8 /* CarlTour.xcdatamodeld in Sources */,
				805E54C219170F3000748CDC /* CTEvent.m in Sources */,
				805E54CD191713F000748CDC /* CTMapViewController.m in Sources */,
			);
			runOnlyForDeploymentPostprocessing = 0;
		};
		3D0A9DEA19108F7C0091D7B8 /* Sources */ = {
			isa = PBXSourcesBuildPhase;
			buildActionMask = 2147483647;
			files = (
				3D0A9DFD19108F7C0091D7B8 /* CarlTourTests.m in Sources */,
			);
			runOnlyForDeploymentPostprocessing = 0;
		};
/* End PBXSourcesBuildPhase section */

/* Begin PBXTargetDependency section */
		3D0A9DF519108F7C0091D7B8 /* PBXTargetDependency */ = {
			isa = PBXTargetDependency;
			target = 3D0A9DCD19108F7C0091D7B8 /* CarlTour */;
			targetProxy = 3D0A9DF419108F7C0091D7B8 /* PBXContainerItemProxy */;
		};
/* End PBXTargetDependency section */

/* Begin PBXVariantGroup section */
		3D0A9DDC19108F7C0091D7B8 /* InfoPlist.strings */ = {
			isa = PBXVariantGroup;
			children = (
				3D0A9DDD19108F7C0091D7B8 /* en */,
			);
			name = InfoPlist.strings;
			sourceTree = "<group>";
		};
		3D0A9DF919108F7C0091D7B8 /* InfoPlist.strings */ = {
			isa = PBXVariantGroup;
			children = (
				3D0A9DFA19108F7C0091D7B8 /* en */,
			);
			name = InfoPlist.strings;
			sourceTree = "<group>";
		};
/* End PBXVariantGroup section */

/* Begin XCBuildConfiguration section */
		3D0A9DFE19108F7C0091D7B8 /* Debug */ = {
			isa = XCBuildConfiguration;
			buildSettings = {
				ALWAYS_SEARCH_USER_PATHS = NO;
				CLANG_CXX_LANGUAGE_STANDARD = "gnu++0x";
				CLANG_CXX_LIBRARY = "libc++";
				CLANG_ENABLE_MODULES = YES;
				CLANG_ENABLE_OBJC_ARC = YES;
				CLANG_WARN_BOOL_CONVERSION = YES;
				CLANG_WARN_CONSTANT_CONVERSION = YES;
				CLANG_WARN_DIRECT_OBJC_ISA_USAGE = YES_ERROR;
				CLANG_WARN_EMPTY_BODY = YES;
				CLANG_WARN_ENUM_CONVERSION = YES;
				CLANG_WARN_INT_CONVERSION = YES;
				CLANG_WARN_OBJC_ROOT_CLASS = YES_ERROR;
				CLANG_WARN__DUPLICATE_METHOD_MATCH = YES;
				"CODE_SIGN_IDENTITY[sdk=iphoneos*]" = "iPhone Developer";
				COPY_PHASE_STRIP = NO;
				GCC_C_LANGUAGE_STANDARD = gnu99;
				GCC_DYNAMIC_NO_PIC = NO;
				GCC_OPTIMIZATION_LEVEL = 0;
				GCC_PREPROCESSOR_DEFINITIONS = (
					"DEBUG=1",
					"$(inherited)",
				);
				GCC_SYMBOLS_PRIVATE_EXTERN = NO;
				GCC_WARN_64_TO_32_BIT_CONVERSION = YES;
				GCC_WARN_ABOUT_RETURN_TYPE = YES_ERROR;
				GCC_WARN_UNDECLARED_SELECTOR = YES;
				GCC_WARN_UNINITIALIZED_AUTOS = YES_AGGRESSIVE;
				GCC_WARN_UNUSED_FUNCTION = YES;
				GCC_WARN_UNUSED_VARIABLE = YES;
				IPHONEOS_DEPLOYMENT_TARGET = 7.1;
				ONLY_ACTIVE_ARCH = YES;
				SDKROOT = iphoneos;
			};
			name = Debug;
		};
		3D0A9DFF19108F7C0091D7B8 /* Release */ = {
			isa = XCBuildConfiguration;
			buildSettings = {
				ALWAYS_SEARCH_USER_PATHS = NO;
				CLANG_CXX_LANGUAGE_STANDARD = "gnu++0x";
				CLANG_CXX_LIBRARY = "libc++";
				CLANG_ENABLE_MODULES = YES;
				CLANG_ENABLE_OBJC_ARC = YES;
				CLANG_WARN_BOOL_CONVERSION = YES;
				CLANG_WARN_CONSTANT_CONVERSION = YES;
				CLANG_WARN_DIRECT_OBJC_ISA_USAGE = YES_ERROR;
				CLANG_WARN_EMPTY_BODY = YES;
				CLANG_WARN_ENUM_CONVERSION = YES;
				CLANG_WARN_INT_CONVERSION = YES;
				CLANG_WARN_OBJC_ROOT_CLASS = YES_ERROR;
				CLANG_WARN__DUPLICATE_METHOD_MATCH = YES;
				"CODE_SIGN_IDENTITY[sdk=iphoneos*]" = "iPhone Developer";
				COPY_PHASE_STRIP = YES;
				ENABLE_NS_ASSERTIONS = NO;
				GCC_C_LANGUAGE_STANDARD = gnu99;
				GCC_WARN_64_TO_32_BIT_CONVERSION = YES;
				GCC_WARN_ABOUT_RETURN_TYPE = YES_ERROR;
				GCC_WARN_UNDECLARED_SELECTOR = YES;
				GCC_WARN_UNINITIALIZED_AUTOS = YES_AGGRESSIVE;
				GCC_WARN_UNUSED_FUNCTION = YES;
				GCC_WARN_UNUSED_VARIABLE = YES;
				IPHONEOS_DEPLOYMENT_TARGET = 7.1;
				SDKROOT = iphoneos;
				VALIDATE_PRODUCT = YES;
			};
			name = Release;
		};
		3D0A9E0119108F7C0091D7B8 /* Debug */ = {
			isa = XCBuildConfiguration;
			buildSettings = {
				ASSETCATALOG_COMPILER_APPICON_NAME = AppIcon;
				ASSETCATALOG_COMPILER_LAUNCHIMAGE_NAME = LaunchImage;
				CODE_SIGN_IDENTITY = "iPhone Developer";
				GCC_PRECOMPILE_PREFIX_HEADER = YES;
				GCC_PREFIX_HEADER = "CarlTour/CarlTour-Prefix.pch";
				INFOPLIST_FILE = "CarlTour/CarlTour-Info.plist";
				PRODUCT_NAME = "$(TARGET_NAME)";
				TARGETED_DEVICE_FAMILY = 1;
				WRAPPER_EXTENSION = app;
			};
			name = Debug;
		};
		3D0A9E0219108F7C0091D7B8 /* Release */ = {
			isa = XCBuildConfiguration;
			buildSettings = {
				ASSETCATALOG_COMPILER_APPICON_NAME = AppIcon;
				ASSETCATALOG_COMPILER_LAUNCHIMAGE_NAME = LaunchImage;
				CODE_SIGN_IDENTITY = "iPhone Developer";
				GCC_PRECOMPILE_PREFIX_HEADER = YES;
				GCC_PREFIX_HEADER = "CarlTour/CarlTour-Prefix.pch";
				INFOPLIST_FILE = "CarlTour/CarlTour-Info.plist";
				PRODUCT_NAME = "$(TARGET_NAME)";
				TARGETED_DEVICE_FAMILY = 1;
				WRAPPER_EXTENSION = app;
			};
			name = Release;
		};
		3D0A9E0419108F7C0091D7B8 /* Debug */ = {
			isa = XCBuildConfiguration;
			buildSettings = {
				BUNDLE_LOADER = "$(BUILT_PRODUCTS_DIR)/CarlTour.app/CarlTour";
				FRAMEWORK_SEARCH_PATHS = (
					"$(SDKROOT)/Developer/Library/Frameworks",
					"$(inherited)",
					"$(DEVELOPER_FRAMEWORKS_DIR)",
				);
				GCC_PRECOMPILE_PREFIX_HEADER = YES;
				GCC_PREFIX_HEADER = "CarlTour/CarlTour-Prefix.pch";
				GCC_PREPROCESSOR_DEFINITIONS = (
					"DEBUG=1",
					"$(inherited)",
				);
				INFOPLIST_FILE = "CarlTourTests/CarlTourTests-Info.plist";
				PRODUCT_NAME = "$(TARGET_NAME)";
				TEST_HOST = "$(BUNDLE_LOADER)";
				WRAPPER_EXTENSION = xctest;
			};
			name = Debug;
		};
		3D0A9E0519108F7C0091D7B8 /* Release */ = {
			isa = XCBuildConfiguration;
			buildSettings = {
				BUNDLE_LOADER = "$(BUILT_PRODUCTS_DIR)/CarlTour.app/CarlTour";
				FRAMEWORK_SEARCH_PATHS = (
					"$(SDKROOT)/Developer/Library/Frameworks",
					"$(inherited)",
					"$(DEVELOPER_FRAMEWORKS_DIR)",
				);
				GCC_PRECOMPILE_PREFIX_HEADER = YES;
				GCC_PREFIX_HEADER = "CarlTour/CarlTour-Prefix.pch";
				INFOPLIST_FILE = "CarlTourTests/CarlTourTests-Info.plist";
				PRODUCT_NAME = "$(TARGET_NAME)";
				TEST_HOST = "$(BUNDLE_LOADER)";
				WRAPPER_EXTENSION = xctest;
			};
			name = Release;
		};
/* End XCBuildConfiguration section */

/* Begin XCConfigurationList section */
		3D0A9DC919108F7C0091D7B8 /* Build configuration list for PBXProject "CarlTour" */ = {
			isa = XCConfigurationList;
			buildConfigurations = (
				3D0A9DFE19108F7C0091D7B8 /* Debug */,
				3D0A9DFF19108F7C0091D7B8 /* Release */,
			);
			defaultConfigurationIsVisible = 0;
			defaultConfigurationName = Release;
		};
		3D0A9E0019108F7C0091D7B8 /* Build configuration list for PBXNativeTarget "CarlTour" */ = {
			isa = XCConfigurationList;
			buildConfigurations = (
				3D0A9E0119108F7C0091D7B8 /* Debug */,
				3D0A9E0219108F7C0091D7B8 /* Release */,
			);
			defaultConfigurationIsVisible = 0;
			defaultConfigurationName = Release;
		};
		3D0A9E0319108F7C0091D7B8 /* Build configuration list for PBXNativeTarget "CarlTourTests" */ = {
			isa = XCConfigurationList;
			buildConfigurations = (
				3D0A9E0419108F7C0091D7B8 /* Debug */,
				3D0A9E0519108F7C0091D7B8 /* Release */,
			);
			defaultConfigurationIsVisible = 0;
			defaultConfigurationName = Release;
		};
/* End XCConfigurationList section */

/* Begin XCVersionGroup section */
		3D0A9DE519108F7C0091D7B8 /* CarlTour.xcdatamodeld */ = {
			isa = XCVersionGroup;
			children = (
				3D0A9DE619108F7C0091D7B8 /* CarlTour.xcdatamodel */,
			);
			currentVersion = 3D0A9DE619108F7C0091D7B8 /* CarlTour.xcdatamodel */;
			path = CarlTour.xcdatamodeld;
			sourceTree = "<group>";
			versionGroupType = wrapper.xcdatamodel;
		};
/* End XCVersionGroup section */
	};
	rootObject = 3D0A9DC619108F7C0091D7B8 /* Project object */;
}
